{
  "version": 4,
  "terraform_version": "1.12.2",
  "serial": 82,
  "lineage": "ea85425c-3178-8949-cdba-8bafc2cb7929",
  "outputs": {},
  "resources": [
    {
      "mode": "managed",
      "type": "cloudflare_account",
      "name": "twohoursonelife",
      "provider": "provider[\"registry.terraform.io/cloudflare/cloudflare\"]",
      "instances": [
        {
          "schema_version": 0,
          "attributes": {
            "created_on": "2019-08-26T13:57:55Z",
            "id": "30409c255977a2d140ce58c3a194e6a0",
            "name": "Two Hours One Life",
            "settings": {
              "abuse_contact_email": "admin@twohoursonelife.com",
              "enforce_twofactor": true
            },
            "type": null,
            "unit": null
          },
          "sensitive_attributes": [],
          "identity_schema_version": 0
        }
      ]
    },
    {
      "mode": "managed",
      "type": "cloudflare_dns_record",
      "name": "database",
      "provider": "provider[\"registry.terraform.io/cloudflare/cloudflare\"]",
      "instances": [
        {
          "schema_version": 0,
          "attributes": {
            "comment": null,
            "comment_modified_on": null,
            "content": "twohoursonelife.cbqw2zmra9kl.us-east-1.rds.amazonaws.com",
            "created_on": "2025-07-22T15:25:31Z",
            "data": null,
            "id": "b83a485757e0e5a236a26382c74ba8de",
            "meta": "{}",
            "modified_on": "2025-07-22T15:26:22Z",
            "name": "db.twohoursonelife.com",
            "priority": null,
            "proxiable": true,
            "proxied": false,
            "settings": {
              "flatten_cname": false,
              "ipv4_only": null,
              "ipv6_only": null
            },
            "tags": [],
            "tags_modified_on": null,
            "ttl": 1,
            "type": "CNAME",
            "zone_id": "a8d9348eadc4ab8ea1d5d5da4269b5a6"
          },
          "sensitive_attributes": [],
          "identity_schema_version": 0,
          "dependencies": [
            "cloudflare_account.twohoursonelife",
            "cloudflare_zone.twohoursonelife"
          ]
        }
      ]
    },
    {
      "mode": "managed",
      "type": "cloudflare_dns_record",
      "name": "dkim",
      "provider": "provider[\"registry.terraform.io/cloudflare/cloudflare\"]",
      "instances": [
        {
          "schema_version": 0,
          "attributes": {
            "comment": null,
            "comment_modified_on": null,
            "content": "\"v=DKIM1; k=rsa; p=MIGfMA0GCSqGSIb3DQEBAQUAA4GNADCBiQKBgQCW0lE567VjUgHnMVUFNZtik3dRePXj6qcYs7+yPEEp9jYlvWVMjWovvSmWEt4VUbSG1FYOTnYJnbJm72821htE1Wg6elZLZ0UrpbSzti8DqxUHVa79YZ55hzf4H4VT+s5JDLw/DHwLQMfWS1xSx2CyPCadRT+PwNwnz+cFLbzDbwIDAQAB\"",
            "created_on": "2025-07-25T14:27:08Z",
            "data": null,
            "id": "7537daa01eb7faebd5c09791beb49ad6",
            "meta": "{}",
            "modified_on": "2025-07-26T14:14:42Z",
            "name": "twohoursonelife._domainkey.twohoursonelife.com",
            "priority": null,
            "proxiable": false,
            "proxied": false,
            "settings": {
              "flatten_cname": null,
              "ipv4_only": null,
              "ipv6_only": null
            },
            "tags": [],
            "tags_modified_on": null,
            "ttl": 1,
            "type": "TXT",
            "zone_id": "a8d9348eadc4ab8ea1d5d5da4269b5a6"
          },
          "sensitive_attributes": [],
          "identity_schema_version": 0,
          "dependencies": [
            "cloudflare_account.twohoursonelife",
            "cloudflare_zone.twohoursonelife"
          ]
        }
      ]
    },
    {
      "mode": "managed",
      "type": "cloudflare_dns_record",
      "name": "dmarc",
      "provider": "provider[\"registry.terraform.io/cloudflare/cloudflare\"]",
      "instances": [
        {
          "schema_version": 0,
          "attributes": {
            "comment": null,
            "comment_modified_on": null,
            "content": "\"v=DMARC1; p=none; rua=mailto:admin@twohoursonelife.com; ruf=mailto:admin@twohoursonelife.com; sp=none; adkim=s; aspf=s\"",
            "created_on": "2025-07-25T14:31:18Z",
            "data": null,
            "id": "783bb22084b0a318ee1b4071e8766fd0",
            "meta": "{}",
            "modified_on": "2025-07-26T14:14:45Z",
            "name": "_dmarc.twohoursonelife.com",
            "priority": null,
            "proxiable": false,
            "proxied": false,
            "settings": {
              "flatten_cname": null,
              "ipv4_only": null,
              "ipv6_only": null
            },
            "tags": [],
            "tags_modified_on": null,
            "ttl": 1,
            "type": "TXT",
            "zone_id": "a8d9348eadc4ab8ea1d5d5da4269b5a6"
          },
          "sensitive_attributes": [],
          "identity_schema_version": 0,
          "dependencies": [
            "cloudflare_account.twohoursonelife",
            "cloudflare_zone.twohoursonelife"
          ]
        }
      ]
    },
    {
      "mode": "managed",
      "type": "cloudflare_dns_record",
      "name": "email1",
      "provider": "provider[\"registry.terraform.io/cloudflare/cloudflare\"]",
      "instances": [
        {
          "schema_version": 0,
          "attributes": {
            "comment": null,
            "comment_modified_on": null,
            "content": "mx.zoho.com",
            "created_on": "2025-07-25T14:22:29Z",
            "data": null,
            "id": "e6d4eface88f85d317a25fa5b6d4de0d",
            "meta": "{}",
            "modified_on": "2025-07-25T14:22:29Z",
            "name": "twohoursonelife.com",
            "priority": 10,
            "proxiable": false,
            "proxied": false,
            "settings": {
              "flatten_cname": null,
              "ipv4_only": null,
              "ipv6_only": null
            },
            "tags": [],
            "tags_modified_on": null,
            "ttl": 1,
            "type": "MX",
            "zone_id": "a8d9348eadc4ab8ea1d5d5da4269b5a6"
          },
          "sensitive_attributes": [],
          "identity_schema_version": 0,
          "dependencies": [
            "cloudflare_account.twohoursonelife",
            "cloudflare_zone.twohoursonelife"
          ]
        }
      ]
    },
    {
      "mode": "managed",
      "type": "cloudflare_dns_record",
      "name": "email2",
      "provider": "provider[\"registry.terraform.io/cloudflare/cloudflare\"]",
      "instances": [
        {
          "schema_version": 0,
          "attributes": {
            "comment": null,
            "comment_modified_on": null,
            "content": "mx2.zoho.com",
            "created_on": "2025-07-25T14:22:44Z",
            "data": null,
            "id": "f4d3bd2f8c788fda4fa8c0816569af5b",
            "meta": "{}",
            "modified_on": "2025-07-25T14:22:44Z",
            "name": "twohoursonelife.com",
            "priority": 20,
            "proxiable": false,
            "proxied": false,
            "settings": {
              "flatten_cname": null,
              "ipv4_only": null,
              "ipv6_only": null
            },
            "tags": [],
            "tags_modified_on": null,
            "ttl": 1,
            "type": "MX",
            "zone_id": "a8d9348eadc4ab8ea1d5d5da4269b5a6"
          },
          "sensitive_attributes": [],
          "identity_schema_version": 0,
          "dependencies": [
            "cloudflare_account.twohoursonelife",
            "cloudflare_zone.twohoursonelife"
          ]
        }
      ]
    },
    {
      "mode": "managed",
      "type": "cloudflare_dns_record",
      "name": "email3",
      "provider": "provider[\"registry.terraform.io/cloudflare/cloudflare\"]",
      "instances": [
        {
          "schema_version": 0,
          "attributes": {
            "comment": null,
            "comment_modified_on": null,
            "content": "mx3.zoho.com",
            "created_on": "2025-07-25T14:22:56Z",
            "data": null,
            "id": "3012cdef0f8133d6d3110d5d0b7568ca",
            "meta": "{}",
            "modified_on": "2025-07-25T14:22:56Z",
            "name": "twohoursonelife.com",
            "priority": 50,
            "proxiable": false,
            "proxied": false,
            "settings": {
              "flatten_cname": null,
              "ipv4_only": null,
              "ipv6_only": null
            },
            "tags": [],
            "tags_modified_on": null,
            "ttl": 1,
            "type": "MX",
            "zone_id": "a8d9348eadc4ab8ea1d5d5da4269b5a6"
          },
          "sensitive_attributes": [],
          "identity_schema_version": 0,
          "dependencies": [
            "cloudflare_account.twohoursonelife",
            "cloudflare_zone.twohoursonelife"
          ]
        }
      ]
    },
    {
      "mode": "managed",
      "type": "cloudflare_dns_record",
      "name": "play",
      "provider": "provider[\"registry.terraform.io/cloudflare/cloudflare\"]",
      "instances": [
        {
          "schema_version": 0,
          "attributes": {
            "comment": null,
            "comment_modified_on": null,
            "content": "45.55.120.214",
            "created_on": "2025-06-29T04:43:58Z",
            "data": null,
            "id": "144b037adee569ae50e8e694239138d3",
            "meta": "{}",
            "modified_on": "2025-06-29T04:44:45Z",
            "name": "play.twohoursonelife.com",
            "priority": null,
            "proxiable": true,
            "proxied": false,
            "settings": {
              "flatten_cname": null,
              "ipv4_only": null,
              "ipv6_only": null
            },
            "tags": [],
            "tags_modified_on": null,
            "ttl": 1,
            "type": "A",
            "zone_id": "a8d9348eadc4ab8ea1d5d5da4269b5a6"
          },
          "sensitive_attributes": [],
          "identity_schema_version": 0,
          "dependencies": [
            "cloudflare_account.twohoursonelife",
            "cloudflare_zone.twohoursonelife",
            "digitalocean_reserved_ip.play"
          ]
        }
      ]
    },
    {
      "mode": "managed",
      "type": "cloudflare_dns_record",
      "name": "spf",
      "provider": "provider[\"registry.terraform.io/cloudflare/cloudflare\"]",
      "instances": [
        {
          "schema_version": 0,
          "attributes": {
            "comment": null,
            "comment_modified_on": null,
            "content": "\"v=spf1 include:zohomail.com ~all\"",
            "created_on": "2025-06-29T04:43:58Z",
            "data": null,
            "id": "ae886f84f6eba1b45aa862cd5c050498",
            "meta": "{}",
            "modified_on": "2025-07-26T14:14:42Z",
            "name": "twohoursonelife.com",
            "priority": null,
            "proxiable": false,
            "proxied": false,
            "settings": {
              "flatten_cname": null,
              "ipv4_only": null,
              "ipv6_only": null
            },
            "tags": [],
            "tags_modified_on": null,
            "ttl": 1,
            "type": "TXT",
            "zone_id": "a8d9348eadc4ab8ea1d5d5da4269b5a6"
          },
          "sensitive_attributes": [],
          "identity_schema_version": 0,
          "dependencies": [
            "cloudflare_account.twohoursonelife",
            "cloudflare_zone.twohoursonelife"
          ]
        }
      ]
    },
    {
      "mode": "managed",
      "type": "cloudflare_dns_record",
      "name": "twotech",
      "provider": "provider[\"registry.terraform.io/cloudflare/cloudflare\"]",
      "instances": [
        {
          "schema_version": 0,
          "attributes": {
            "comment": null,
            "comment_modified_on": null,
            "content": "44.216.122.169",
            "created_on": "2025-07-22T15:25:31Z",
            "data": null,
            "id": "2950e362b985dd42e2291f3a19d4f2e1",
            "meta": "{}",
            "modified_on": "2025-07-23T12:52:30Z",
            "name": "twotech.twohoursonelife.com",
            "priority": null,
            "proxiable": true,
            "proxied": true,
            "settings": {
              "flatten_cname": null,
              "ipv4_only": null,
              "ipv6_only": null
            },
            "tags": [],
            "tags_modified_on": null,
            "ttl": 1,
            "type": "A",
            "zone_id": "a8d9348eadc4ab8ea1d5d5da4269b5a6"
          },
          "sensitive_attributes": [],
          "identity_schema_version": 0,
          "dependencies": [
            "cloudflare_account.twohoursonelife",
            "cloudflare_zone.twohoursonelife"
          ]
        }
      ]
    },
    {
      "mode": "managed",
      "type": "cloudflare_dns_record",
      "name": "twotech_edge",
      "provider": "provider[\"registry.terraform.io/cloudflare/cloudflare\"]",
      "instances": [
        {
          "schema_version": 0,
          "attributes": {
            "comment": null,
            "comment_modified_on": null,
            "content": "44.216.122.169",
            "created_on": "2025-07-22T15:25:31Z",
            "data": null,
            "id": "9877af20f6c06e69ef2f94999e7fb3b7",
            "meta": "{}",
            "modified_on": "2025-07-23T12:52:21Z",
            "name": "edge.twotech.twohoursonelife.com",
            "priority": null,
            "proxiable": true,
            "proxied": true,
            "settings": {
              "flatten_cname": null,
              "ipv4_only": null,
              "ipv6_only": null
            },
            "tags": [],
            "tags_modified_on": null,
            "ttl": 1,
            "type": "A",
            "zone_id": "a8d9348eadc4ab8ea1d5d5da4269b5a6"
          },
          "sensitive_attributes": [],
          "identity_schema_version": 0,
          "dependencies": [
            "cloudflare_account.twohoursonelife",
            "cloudflare_zone.twohoursonelife"
          ]
        }
      ]
    },
    {
      "mode": "managed",
      "type": "cloudflare_dns_record",
      "name": "txt_google",
      "provider": "provider[\"registry.terraform.io/cloudflare/cloudflare\"]",
      "instances": [
        {
          "schema_version": 0,
          "attributes": {
            "comment": null,
            "comment_modified_on": null,
            "content": "\"google-site-verification=lXL6lZZDqy1MW4YmswjvD5iHY1oJ4C-V8cfc0KyGS40\"",
            "created_on": "2025-06-29T04:43:58Z",
            "data": null,
            "id": "9516894035de61202f2b3d3f8d148f1e",
            "meta": "{}",
            "modified_on": "2025-07-26T14:14:02Z",
            "name": "twohoursonelife.com",
            "priority": null,
            "proxiable": false,
            "proxied": false,
            "settings": {
              "flatten_cname": null,
              "ipv4_only": null,
              "ipv6_only": null
            },
            "tags": [],
            "tags_modified_on": null,
            "ttl": 1,
            "type": "TXT",
            "zone_id": "a8d9348eadc4ab8ea1d5d5da4269b5a6"
          },
          "sensitive_attributes": [],
          "identity_schema_version": 0,
          "dependencies": [
            "cloudflare_account.twohoursonelife",
            "cloudflare_zone.twohoursonelife"
          ]
        }
      ]
    },
    {
      "mode": "managed",
      "type": "cloudflare_dns_record",
      "name": "web",
      "provider": "provider[\"registry.terraform.io/cloudflare/cloudflare\"]",
      "instances": [
        {
          "schema_version": 0,
          "attributes": {
            "comment": null,
            "comment_modified_on": null,
            "content": "45.55.120.214",
            "created_on": "2025-06-29T04:43:58Z",
            "data": null,
            "id": "c4f7911f16d436f95d4fbb5e16569459",
            "meta": "{}",
            "modified_on": "2025-06-29T04:44:47Z",
            "name": "web.twohoursonelife.com",
            "priority": null,
            "proxiable": true,
            "proxied": false,
            "settings": {
              "flatten_cname": null,
              "ipv4_only": null,
              "ipv6_only": null
            },
            "tags": [],
            "tags_modified_on": null,
            "ttl": 1,
            "type": "A",
            "zone_id": "a8d9348eadc4ab8ea1d5d5da4269b5a6"
          },
          "sensitive_attributes": [],
          "identity_schema_version": 0,
          "dependencies": [
            "cloudflare_account.twohoursonelife",
            "cloudflare_zone.twohoursonelife",
            "digitalocean_reserved_ip.play"
          ]
        }
      ]
    },
    {
      "mode": "managed",
      "type": "cloudflare_dns_record",
      "name": "website",
      "provider": "provider[\"registry.terraform.io/cloudflare/cloudflare\"]",
      "instances": [
        {
          "schema_version": 0,
          "attributes": {
            "comment": null,
            "comment_modified_on": null,
            "content": "151.101.130.159",
            "created_on": "2025-06-29T04:43:58Z",
            "data": null,
            "id": "035f59d733a7b709f83300bef5c6d438",
            "meta": "{}",
            "modified_on": "2025-07-23T12:51:57Z",
            "name": "twohoursonelife.com",
            "priority": null,
            "proxiable": true,
            "proxied": true,
            "settings": {
              "flatten_cname": null,
              "ipv4_only": null,
              "ipv6_only": null
            },
            "tags": [],
            "tags_modified_on": null,
            "ttl": 1,
            "type": "A",
            "zone_id": "a8d9348eadc4ab8ea1d5d5da4269b5a6"
          },
          "sensitive_attributes": [],
          "identity_schema_version": 0,
          "dependencies": [
            "cloudflare_account.twohoursonelife",
            "cloudflare_zone.twohoursonelife"
          ]
        }
      ]
    },
    {
      "mode": "managed",
      "type": "cloudflare_dns_record",
      "name": "website_www",
      "provider": "provider[\"registry.terraform.io/cloudflare/cloudflare\"]",
      "instances": [
        {
          "schema_version": 0,
          "attributes": {
            "comment": null,
            "comment_modified_on": null,
            "content": "twohoursonelife.com",
            "created_on": "2025-06-29T04:43:58Z",
            "data": null,
            "id": "151425af243dd9f7a37a7e9a80d6336c",
            "meta": "{}",
            "modified_on": "2025-07-23T13:24:45Z",
            "name": "www.twohoursonelife.com",
            "priority": null,
            "proxiable": true,
            "proxied": true,
            "settings": {
              "flatten_cname": false,
              "ipv4_only": null,
              "ipv6_only": null
            },
            "tags": [],
            "tags_modified_on": null,
            "ttl": 1,
            "type": "CNAME",
            "zone_id": "a8d9348eadc4ab8ea1d5d5da4269b5a6"
          },
          "sensitive_attributes": [],
          "identity_schema_version": 0,
          "dependencies": [
            "cloudflare_account.twohoursonelife",
            "cloudflare_zone.twohoursonelife"
          ]
        }
      ]
    },
    {
      "mode": "managed",
      "type": "cloudflare_zone",
      "name": "twohoursonelife",
      "provider": "provider[\"registry.terraform.io/cloudflare/cloudflare\"]",
      "instances": [
        {
          "schema_version": 0,
          "attributes": {
            "account": {
              "id": "30409c255977a2d140ce58c3a194e6a0"
            },
            "activated_on": "2025-07-23T12:24:49Z",
            "cname_suffix": null,
            "created_on": "2025-07-22T14:34:39Z",
            "development_mode": 0,
            "id": "a8d9348eadc4ab8ea1d5d5da4269b5a6",
            "meta": {
              "cdn_only": null,
              "custom_certificate_quota": 0,
              "dns_only": null,
              "foundation_dns": null,
              "page_rule_quota": 3,
              "phishing_detected": false,
              "step": 2
            },
            "modified_on": "2025-07-23T13:45:02Z",
            "name": "twohoursonelife.com",
            "name_servers": [
              "fay.ns.cloudflare.com",
              "pablo.ns.cloudflare.com"
            ],
            "original_dnshost": null,
            "original_name_servers": [
              "ns1.digitalocean.com",
              "ns2.digitalocean.com",
              "ns3.digitalocean.com"
            ],
            "original_registrar": "namecheap, inc. (id: 1068)",
            "owner": {
              "id": null,
              "name": null,
              "type": "user"
            },
            "paused": false,
            "permissions": [
              "#zone_settings:read",
              "#zone_settings:edit",
              "#dns_records:read",
              "#dns_records:edit",
              "#page_shield:read",
              "#ssl:read",
              "#page_shield:edit",
              "#zone:edit",
              "#zone:read"
            ],
            "plan": {
              "can_subscribe": false,
              "currency": "USD",
              "externally_managed": false,
              "frequency": "",
              "id": "0feeeeeeeeeeeeeeeeeeeeeeeeeeeeee",
              "is_subscribed": false,
              "legacy_discount": false,
              "legacy_id": "free",
              "name": "Free Website",
              "price": 0
            },
            "status": "active",
            "tenant": {
              "id": null,
              "name": null
            },
            "tenant_unit": {
              "id": null
            },
            "type": "full",
            "vanity_name_servers": null,
            "verification_key": null
          },
          "sensitive_attributes": [],
          "identity_schema_version": 0,
          "dependencies": [
            "cloudflare_account.twohoursonelife"
          ]
        }
      ]
    },
    {
      "mode": "managed",
      "type": "digitalocean_droplet",
      "name": "play",
      "provider": "provider[\"registry.terraform.io/digitalocean/digitalocean\"]",
      "instances": [
        {
          "schema_version": 1,
          "attributes": {
            "backup_policy": [],
            "backups": true,
            "created_at": "2024-11-02T16:51:56Z",
            "disk": 120,
            "droplet_agent": null,
            "graceful_shutdown": false,
            "id": "455475832",
            "image": "ubuntu-24-04-x64",
            "ipv4_address": "159.203.121.211",
            "ipv4_address_private": "10.132.14.83",
            "ipv6": false,
            "ipv6_address": "",
            "locked": false,
            "memory": 4096,
            "monitoring": true,
            "name": "play.twohoursonelife.com",
            "price_hourly": 0.04762,
            "price_monthly": 32,
            "private_networking": true,
            "region": "nyc3",
            "resize_disk": true,
            "size": "s-2vcpu-4gb-120gb-intel",
            "ssh_keys": [
              "5b:42:4a:e0:ac:fc:a4:fa:81:7d:39:7b:b7:82:cc:bd",
              "9c:f5:b6:ad:26:64:31:4d:77:36:3e:28:d3:3e:9d:3a"
            ],
            "status": "active",
            "tags": [
              "Alerts"
            ],
            "timeouts": null,
            "urn": "do:droplet:455475832",
            "user_data": "dd59c490884920103026e25d2fffa9452018b82c",
            "vcpus": 2,
            "volume_ids": [],
            "vpc_uuid": "63427e9f-977c-4ca8-96c9-4ec265131504"
          },
          "sensitive_attributes": [],
          "identity_schema_version": 0,
          "private": "eyJlMmJmYjczMC1lY2FhLTExZTYtOGY4OC0zNDM2M2JjN2M0YzAiOnsiY3JlYXRlIjozNjAwMDAwMDAwMDAwLCJkZWxldGUiOjYwMDAwMDAwMDAwLCJ1cGRhdGUiOjM2MDAwMDAwMDAwMDB9LCJzY2hlbWFfdmVyc2lvbiI6IjEifQ=="
        }
      ]
    },
    {
      "mode": "managed",
      "type": "digitalocean_reserved_ip",
      "name": "play",
      "provider": "provider[\"registry.terraform.io/digitalocean/digitalocean\"]",
      "instances": [
        {
          "schema_version": 0,
          "attributes": {
            "droplet_id": null,
            "id": "45.55.120.214",
            "ip_address": "45.55.120.214",
            "region": "nyc3",
            "urn": "do:reservedip:45.55.120.214"
          },
          "sensitive_attributes": [],
          "identity_schema_version": 0,
          "private": "bnVsbA=="
        }
      ]
    },
    {
      "mode": "managed",
      "type": "digitalocean_reserved_ip_assignment",
      "name": "play",
      "provider": "provider[\"registry.terraform.io/digitalocean/digitalocean\"]",
      "instances": [
        {
          "schema_version": 0,
          "attributes": {
            "droplet_id": 455475832,
            "id": "455475832-45.55.120.214-20241102165220281200000001",
            "ip_address": "45.55.120.214"
          },
          "sensitive_attributes": [],
          "identity_schema_version": 0,
          "private": "bnVsbA==",
          "dependencies": [
            "digitalocean_droplet.play",
            "digitalocean_reserved_ip.play"
          ]
        }
      ]
    },
    {
      "mode": "managed",
      "type": "digitalocean_spaces_bucket",
      "name": "twohoursonelife",
      "provider": "provider[\"registry.terraform.io/digitalocean/digitalocean\"]",
      "instances": [
        {
          "schema_version": 0,
          "attributes": {
            "acl": "private",
            "bucket_domain_name": "twohoursonelife.nyc3.digitaloceanspaces.com",
            "cors_rule": [],
            "endpoint": "nyc3.digitaloceanspaces.com",
            "force_destroy": false,
            "id": "twohoursonelife",
            "lifecycle_rule": [],
            "name": "twohoursonelife",
            "region": "nyc3",
            "urn": "do:space:twohoursonelife",
            "versioning": [
              {
                "enabled": false
              }
            ]
          },
          "sensitive_attributes": [],
          "identity_schema_version": 0,
          "private": "bnVsbA=="
        }
      ]
    },
    {
      "mode": "managed",
      "type": "digitalocean_vpc",
      "name": "main",
      "provider": "provider[\"registry.terraform.io/digitalocean/digitalocean\"]",
      "instances": [
        {
          "schema_version": 0,
          "attributes": {
            "created_at": "2020-01-06 13:12:21 +0000 UTC",
            "default": true,
            "description": "",
            "id": "63427e9f-977c-4ca8-96c9-4ec265131504",
            "ip_range": "10.132.0.0/16",
            "name": "default-nyc3",
            "region": "nyc3",
            "timeouts": null,
            "urn": "do:vpc:63427e9f-977c-4ca8-96c9-4ec265131504"
          },
          "sensitive_attributes": [],
          "identity_schema_version": 0,
          "private": "eyJlMmJmYjczMC1lY2FhLTExZTYtOGY4OC0zNDM2M2JjN2M0YzAiOnsiZGVsZXRlIjoxMjAwMDAwMDAwMDB9LCJzY2hlbWFfdmVyc2lvbiI6IjAifQ=="
        }
      ]
    }
  ],
  "check_results": null
}
